github.com/telroshan/go-sfml v1.251.0 h1:E7AHTh2jGfH0a67QMgkMWu+TbJnzKXwJq79VeoPJ0ew=
github.com/telroshan/go-sfml v1.251.0/go.mod h1:QyNBcTqtiIimdxR1m//7jBThbK9pn/e3f76NALusYco=
github.com/telroshan/go-sfml/v2 v2.5.1 h1:EMojHZjKW1FQFMaRoVdZmsYNgVHT0eLzz9JfBTpcmq8=
github.com/telroshan/go-sfml/v2 v2.5.1/go.mod h1:GGgIqGkblHe4Ezlxp90vkYCtzqi4NDIuwbWteb2Cjcc=
